
Microsoft Visual Studio Solution File, Format Version 12.00
# Visual Studio Version 16
VisualStudioVersion = 16.0.30711.63
MinimumVisualStudioVersion = 10.0.40219.1
Project("{FAE04EC0-301F-11D3-BF4B-00C04F79EFBC}") = "ListaPOOex4", "ListaPOOex4\ListaPOOex4.csproj", "{DCB867E3-3A58-4A05-A077-5199AE21A6CD}"
EndProject
Global
	GlobalSection(SolutionConfigurationPlatforms) = preSolution
		Debug|Any CPU = Debug|Any CPU
		Release|Any CPU = Release|Any CPU
	EndGlobalSection
	GlobalSection(ProjectConfigurationPlatforms) = postSolution
		{DCB867E3-3A58-4A05-A077-5199AE21A6CD}.Debug|Any CPU.ActiveCfg = Debug|Any CPU
		{DCB867E3-3A58-4A05-A077-5199AE21A6CD}.Debug|Any CPU.Build.0 = Debug|Any CPU
		{DCB867E3-3A58-4A05-A077-5199AE21A6CD}.Release|Any CPU.ActiveCfg = Release|Any CPU
		{DCB867E3-3A58-4A05-A077-5199AE21A6CD}.Release|Any CPU.Build.0 = Release|Any CPU
	EndGlobalSection
	GlobalSection(SolutionProperties) = preSolution
		HideSolutionNode = FALSE
	EndGlobalSection
	GlobalSection(ExtensibilityGlobals) = postSolution
		SolutionGuid = {D70A74C1-84DB-48B9-9D30-DCF31841581D}
	EndGlobalSection
EndGlobal
